
Microsoft Visual Studio Solution File, Format Version 12.00
# Visual Studio Version 17
VisualStudioVersion = 17.12.35707.178
MinimumVisualStudioVersion = 10.0.40219.1
Project("{FAE04EC0-301F-11D3-BF4B-00C04F79EFBC}") = "TahalufAssignmentAPI", "TahalufAssignmentAPI\TahalufAssignmentAPI.csproj", "{D0DD02AD-0AAB-4C2D-98EB-D23C06EC49C8}"
EndProject
Project("{FAE04EC0-301F-11D3-BF4B-00C04F79EFBC}") = "TahalufAssignmentCore", "TahalufAssignmentCore\TahalufAssignmentCore.csproj", "{1214B11C-8094-4CE0-9B16-9B3D610B8EEA}"
EndProject
Project("{FAE04EC0-301F-11D3-BF4B-00C04F79EFBC}") = "TahalufAssignmentInfrastructure", "TahalufAssignmentInfrastructure\TahalufAssignmentInfrastructure.csproj", "{5B7A1D9C-5827-4D4F-A820-94CBAB7473E2}"
EndProject
Global
	GlobalSection(SolutionConfigurationPlatforms) = preSolution
		Debug|Any CPU = Debug|Any CPU
		Release|Any CPU = Release|Any CPU
	EndGlobalSection
	GlobalSection(ProjectConfigurationPlatforms) = postSolution
		{D0DD02AD-0AAB-4C2D-98EB-D23C06EC49C8}.Debug|Any CPU.ActiveCfg = Debug|Any CPU
		{D0DD02AD-0AAB-4C2D-98EB-D23C06EC49C8}.Debug|Any CPU.Build.0 = Debug|Any CPU
		{D0DD02AD-0AAB-4C2D-98EB-D23C06EC49C8}.Release|Any CPU.ActiveCfg = Release|Any CPU
		{D0DD02AD-0AAB-4C2D-98EB-D23C06EC49C8}.Release|Any CPU.Build.0 = Release|Any CPU
		{1214B11C-8094-4CE0-9B16-9B3D610B8EEA}.Debug|Any CPU.ActiveCfg = Debug|Any CPU
		{1214B11C-8094-4CE0-9B16-9B3D610B8EEA}.Debug|Any CPU.Build.0 = Debug|Any CPU
		{1214B11C-8094-4CE0-9B16-9B3D610B8EEA}.Release|Any CPU.ActiveCfg = Release|Any CPU
		{1214B11C-8094-4CE0-9B16-9B3D610B8EEA}.Release|Any CPU.Build.0 = Release|Any CPU
		{5B7A1D9C-5827-4D4F-A820-94CBAB7473E2}.Debug|Any CPU.ActiveCfg = Debug|Any CPU
		{5B7A1D9C-5827-4D4F-A820-94CBAB7473E2}.Debug|Any CPU.Build.0 = Debug|Any CPU
		{5B7A1D9C-5827-4D4F-A820-94CBAB7473E2}.Release|Any CPU.ActiveCfg = Release|Any CPU
		{5B7A1D9C-5827-4D4F-A820-94CBAB7473E2}.Release|Any CPU.Build.0 = Release|Any CPU
	EndGlobalSection
	GlobalSection(SolutionProperties) = preSolution
		HideSolutionNode = FALSE
	EndGlobalSection
EndGlobal
